
Microsoft Visual Studio Solution File, Format Version 12.00
# Visual Studio Version 17
VisualStudioVersion = 17.13.35825.156 d17.13
MinimumVisualStudioVersion = 10.0.40219.1
Project("{FAE04EC0-301F-11D3-BF4B-00C04F79EFBC}") = "qr-code-generator", "qr-code-generator.csproj", "{EA6B7435-6595-451D-A7D1-63B5AA4FC0D1}"
EndProject
Project("{FAE04EC0-301F-11D3-BF4B-00C04F79EFBC}") = "qr-code-generator.Test", "..\qr-code-generator.Test\qr-code-generator.Test.csproj", "{35EB1070-4971-48A7-A502-0FAF6FB8D85A}"
EndProject
Global
	GlobalSection(SolutionConfigurationPlatforms) = preSolution
		Debug|Any CPU = Debug|Any CPU
		Release|Any CPU = Release|Any CPU
	EndGlobalSection
	GlobalSection(ProjectConfigurationPlatforms) = postSolution
		{EA6B7435-6595-451D-A7D1-63B5AA4FC0D1}.Debug|Any CPU.ActiveCfg = Debug|Any CPU
		{EA6B7435-6595-451D-A7D1-63B5AA4FC0D1}.Debug|Any CPU.Build.0 = Debug|Any CPU
		{EA6B7435-6595-451D-A7D1-63B5AA4FC0D1}.Release|Any CPU.ActiveCfg = Release|Any CPU
		{EA6B7435-6595-451D-A7D1-63B5AA4FC0D1}.Release|Any CPU.Build.0 = Release|Any CPU
		{35EB1070-4971-48A7-A502-0FAF6FB8D85A}.Debug|Any CPU.ActiveCfg = Debug|Any CPU
		{35EB1070-4971-48A7-A502-0FAF6FB8D85A}.Debug|Any CPU.Build.0 = Debug|Any CPU
		{35EB1070-4971-48A7-A502-0FAF6FB8D85A}.Release|Any CPU.ActiveCfg = Release|Any CPU
		{35EB1070-4971-48A7-A502-0FAF6FB8D85A}.Release|Any CPU.Build.0 = Release|Any CPU
	EndGlobalSection
	GlobalSection(SolutionProperties) = preSolution
		HideSolutionNode = FALSE
	EndGlobalSection
	GlobalSection(ExtensibilityGlobals) = postSolution
		SolutionGuid = {0D7DEE60-5064-4A60-A8AC-1A1A255E56D1}
	EndGlobalSection
EndGlobal
